{
  "name": "electron-adb-file",
  "version": "26.7.10",
  "lockfileVersion": 3,
  "requires": true,
  "packages": {
    "": {
      "name": "electron-adb-file",
      "version": "26.7.10",
      "license": "GPL-2.0",
      "dependencies": {
        "@fontsource/google-sans": "^5.2.1",
        "@sunjw8888/adbkit": "^3.3.19",
        "bootstrap": "^5.3.8",
        "electron-localshortcut": "^3.2.1",
        "electron-window-state": "^5.0.3",
        "fix-path": "^5.0.0",
        "jquery": "^4.0.0",
        "material-icons": "^1.13.14"
      },
      "devDependencies": {
        "@electron/rebuild": "^4.0.4",
        "@electron/remote": "^2.1.3",
        "electron": "^42.4.0",
        "node-abi": "^4.31.0",
        "yargs": "^18.0.0"
      }
    },
    "node_modules/@devicefarmer/adbkit-logcat": {
      "version": "2.1.3",
      "resolved": "https://registry.npmjs.org/@devicefarmer/adbkit-logcat/-/adbkit-logcat-2.1.3.tgz",
      "integrity": "sha512-yeaGFjNBc/6+svbDeul1tNHtNChw6h8pSHAt5D+JsedUrMTN7tla7B15WLDyekxsuS2XlZHRxpuC6m92wiwCNw==",
      "license": "Apache-2.0",
      "engines": {
        "node": ">= 4"
      }
    },
    "node_modules/@devicefarmer/adbkit-monkey": {
      "version": "1.2.1",
      "resolved": "https://registry.npmjs.org/@devicefarmer/adbkit-monkey/-/adbkit-monkey-1.2.1.tgz",
      "integrity": "sha512-ZzZY/b66W2Jd6NHbAhLyDWOEIBWC11VizGFk7Wx7M61JZRz7HR9Cq5P+65RKWUU7u6wgsE8Lmh9nE4Mz+U2eTg==",
      "engines": {
        "node": ">= 0.10.4"
      }
    },
    "node_modules/@electron-internal/extract-zip": {
      "version": "1.0.3",
      "resolved": "https://registry.npmjs.org/@electron-internal/extract-zip/-/extract-zip-1.0.3.tgz",
      "integrity": "sha512-OjKpjB7gohtEjZiq6nDx1egqjZJhGPN1iFOIED+NFhB/MMkXw/XRcHjh1DGXKT5z2W9eW7Jy2UKU3gpjvusFTQ==",
      "dev": true,
      "license": "BSD-2-Clause",
      "engines": {
        "node": ">=22.12.0"
      }
    },
    "node_modules/@electron/get": {
      "version": "5.0.0",
      "resolved": "https://registry.npmjs.org/@electron/get/-/get-5.0.0.tgz",
      "integrity": "sha512-pjoBpru1KdEtcExBnuHAP1cAc/5faoedw0hzJkL3o4/IJp7HNF1+fbrdxT3gMYRX2oJfvnA/WXeCTVQpYYxyJA==",
      "dev": true,
      "license": "MIT",
      "dependencies": {
        "debug": "^4.1.1",
        "env-paths": "^3.0.0",
        "graceful-fs": "^4.2.11",
        "progress": "^2.0.3",
        "semver": "^7.6.3",
        "sumchecker": "^3.0.1"
      },
      "engines": {
        "node": ">=22.12.0"
      },
      "optionalDependencies": {
        "undici": "^7.24.4"
      }
    },
    "node_modules/@electron/get/node_modules/env-paths": {
      "version": "3.0.0",
      "resolved": "https://registry.npmjs.org/env-paths/-/env-paths-3.0.0.tgz",
      "integrity": "sha512-dtJUTepzMW3Lm/NPxRf3wP4642UWhjL2sQxc+ym2YMj1m/H2zDNQOlezafzkHwn6sMstjHTwG6iQQsctDW/b1A==",
      "dev": true,
      "license": "MIT",
      "engines": {
        "node": "^12.20.0 || ^14.13.1 || >=16.0.0"
      },
      "funding": {
        "url": "https://github.com/sponsors/sindresorhus"
      }
    },
    "node_modules/@electron/rebuild": {
      "version": "4.0.4",
      "resolved": "https://registry.npmjs.org/@electron/rebuild/-/rebuild-4.0.4.tgz",
      "integrity": "sha512-Rzc39XPdk/+/wBG8MfwAHohXflep0ITUfulb6Rgz3R0NeSB1noE+E9/M/cb8ftCAiyDD9PPhLuuWgE1GaInbKg==",
      "dev": true,
      "license": "MIT",
      "dependencies": {
        "@malept/cross-spawn-promise": "^2.0.0",
        "debug": "^4.1.1",
        "node-abi": "^4.2.0",
        "node-api-version": "^0.2.1",
        "node-gyp": "^12.2.0",
        "read-binary-file-arch": "^1.0.6"
      },
      "bin": {
        "electron-rebuild": "lib/cli.js"
      },
      "engines": {
        "node": ">=22.12.0"
      }
    },
    "node_modules/@electron/remote": {
      "version": "2.1.3",
      "resolved": "https://registry.npmjs.org/@electron/remote/-/remote-2.1.3.tgz",
      "integrity": "sha512-XlpxC8S4ttj/v2d+PKp9na/3Ev8bV7YWNL7Cw5b9MAWgTphEml7iYgbc7V0r9D6yDOfOkj06bchZgOZdlWJGNA==",
      "dev": true,
      "license": "MIT",
      "peerDependencies": {
        "electron": ">= 13.0.0"
      }
    },
    "node_modules/@fontsource/google-sans": {
      "version": "5.2.1",
      "resolved": "https://registry.npmjs.org/@fontsource/google-sans/-/google-sans-5.2.1.tgz",
      "integrity": "sha512-FteXH18YS0288Bcrjefwyyp7hLwxd8yQBEcmjU/P0BED9c8n8kxwgna3gtMtYyFQx/wIkpyrzj8RaYQyl/4quw==",
      "license": "OFL-1.1",
      "funding": {
        "url": "https://github.com/sponsors/ayuhito"
      }
    },
    "node_modules/@isaacs/fs-minipass": {
      "version": "4.0.1",
      "resolved": "https://registry.npmjs.org/@isaacs/fs-minipass/-/fs-minipass-4.0.1.tgz",
      "integrity": "sha512-wgm9Ehl2jpeqP3zw/7mo3kRHFp5MEDhqAdwy1fTGkHAwnkGOVsgpvQhL8B5n1qlb01jV3n/bI0ZfZp5lWA1k4w==",
      "dev": true,
      "license": "ISC",
      "dependencies": {
        "minipass": "^7.0.4"
      },
      "engines": {
        "node": ">=18.0.0"
      }
    },
    "node_modules/@malept/cross-spawn-promise": {
      "version": "2.0.0",
      "resolved": "https://registry.npmjs.org/@malept/cross-spawn-promise/-/cross-spawn-promise-2.0.0.tgz",
      "integrity": "sha512-1DpKU0Z5ThltBwjNySMC14g0CkbyhCaz9FkhxqNsZI6uAPJXFS8cMXlBKo26FJ8ZuW6S9GCMcR9IO5k2X5/9Fg==",
      "dev": true,
      "funding": [
        {
          "type": "individual",
          "url": "https://github.com/sponsors/malept"
        },
        {
          "type": "tidelift",
          "url": "https://tidelift.com/subscription/pkg/npm-.malept-cross-spawn-promise?utm_medium=referral&utm_source=npm_fund"
        }
      ],
      "dependencies": {
        "cross-spawn": "^7.0.1"
      },
      "engines": {
        "node": ">= 12.13.0"
      }
    },
    "node_modules/@popperjs/core": {
      "version": "2.11.8",
      "resolved": "https://registry.npmjs.org/@popperjs/core/-/core-2.11.8.tgz",
      "integrity": "sha512-P1st0aksCrn9sGZhp8GMYwBnQsbvAWsZAX44oXNNvLHGqAOcoVxmjZiohstwQ7SqKnbR47akdNi+uleWD8+g6A==",
      "peer": true,
      "funding": {
        "type": "opencollective",
        "url": "https://opencollective.com/popperjs"
      }
    },
    "node_modules/@sunjw8888/adbkit": {
      "version": "3.3.19",
      "resolved": "https://registry.npmjs.org/@sunjw8888/adbkit/-/adbkit-3.3.19.tgz",
      "integrity": "sha512-hluuqgBrV9atUvAekIYKAfTzugobkCpycaXLNY/jfBsHx1zAm7XU11iiDFRohz7ZNJ2N56/MiqFvWDnXNeRaRw==",
      "license": "Apache-2.0",
      "dependencies": {
        "@devicefarmer/adbkit-logcat": "^2.1.3",
        "@devicefarmer/adbkit-monkey": "^1.2.1",
        "bluebird": "^3.7.2",
        "commander": "^14.0.0",
        "debug": "^4.4.1",
        "node-forge": "^1.3.1",
        "split": "^1.0.1"
      },
      "bin": {
        "adbkit": "bin/adbkit"
      },
      "engines": {
        "node": ">= 0.10.4"
      }
    },
    "node_modules/@types/node": {
      "version": "24.12.2",
      "resolved": "https://registry.npmjs.org/@types/node/-/node-24.12.2.tgz",
      "integrity": "sha512-A1sre26ke7HDIuY/M23nd9gfB+nrmhtYyMINbjI1zHJxYteKR6qSMX56FsmjMcDb3SMcjJg5BiRRgOCC/yBD0g==",
      "dev": true,
      "license": "MIT",
      "dependencies": {
        "undici-types": "~7.16.0"
      }
    },
    "node_modules/abbrev": {
      "version": "4.0.0",
      "resolved": "https://registry.npmjs.org/abbrev/-/abbrev-4.0.0.tgz",
      "integrity": "sha512-a1wflyaL0tHtJSmLSOVybYhy22vRih4eduhhrkcjgrWGnRfrZtovJ2FRjxuTtkkj47O/baf0R86QU5OuYpz8fA==",
      "dev": true,
      "license": "ISC",
      "engines": {
        "node": "^20.17.0 || >=22.9.0"
      }
    },
    "node_modules/ansi-regex": {
      "version": "6.2.2",
      "resolved": "https://registry.npmjs.org/ansi-regex/-/ansi-regex-6.2.2.tgz",
      "integrity": "sha512-Bq3SmSpyFHaWjPk8If9yc6svM8c56dB5BAtW4Qbw5jHTwwXXcTLoRMkpDJp6VL0XzlWaCHTXrkFURMYmD0sLqg==",
      "license": "MIT",
      "engines": {
        "node": ">=12"
      },
      "funding": {
        "url": "https://github.com/chalk/ansi-regex?sponsor=1"
      }
    },
    "node_modules/bluebird": {
      "version": "3.7.2",
      "resolved": "https://registry.npmjs.org/bluebird/-/bluebird-3.7.2.tgz",
      "integrity": "sha512-XpNj6GDQzdfW+r2Wnn7xiSAd7TM3jzkxGXBGTtWKuSXv1xUV+azxAm8jdWZN06QTQk+2N2XB9jRDkvbmQmcRtg=="
    },
    "node_modules/bootstrap": {
      "version": "5.3.8",
      "resolved": "https://registry.npmjs.org/bootstrap/-/bootstrap-5.3.8.tgz",
      "integrity": "sha512-HP1SZDqaLDPwsNiqRqi5NcP0SSXciX2s9E+RyqJIIqGo+vJeN5AJVM98CXmW/Wux0nQ5L7jeWUdplCEf0Ee+tg==",
      "funding": [
        {
          "type": "github",
          "url": "https://github.com/sponsors/twbs"
        },
        {
          "type": "opencollective",
          "url": "https://opencollective.com/bootstrap"
        }
      ],
      "license": "MIT",
      "peerDependencies": {
        "@popperjs/core": "^2.11.8"
      }
    },
    "node_modules/chownr": {
      "version": "3.0.0",
      "resolved": "https://registry.npmjs.org/chownr/-/chownr-3.0.0.tgz",
      "integrity": "sha512-+IxzY9BZOQd/XuYPRmrvEVjF/nqj5kgT4kEq7VofrDoM1MxoRjEWkrCC3EtLi59TVawxTAn+orJwFQcrqEN1+g==",
      "dev": true,
      "license": "BlueOak-1.0.0",
      "engines": {
        "node": ">=18"
      }
    },
    "node_modules/cliui": {
      "version": "9.0.1",
      "resolved": "https://registry.npmjs.org/cliui/-/cliui-9.0.1.tgz",
      "integrity": "sha512-k7ndgKhwoQveBL+/1tqGJYNz097I7WOvwbmmU2AR5+magtbjPWQTS1C5vzGkBC8Ym8UWRzfKUzUUqFLypY4Q+w==",
      "dev": true,
      "license": "ISC",
      "dependencies": {
        "string-width": "^7.2.0",
        "strip-ansi": "^7.1.0",
        "wrap-ansi": "^9.0.0"
      },
      "engines": {
        "node": ">=20"
      }
    },
    "node_modules/cliui/node_modules/emoji-regex": {
      "version": "10.6.0",
      "resolved": "https://registry.npmjs.org/emoji-regex/-/emoji-regex-10.6.0.tgz",
      "integrity": "sha512-toUI84YS5YmxW219erniWD0CIVOo46xGKColeNQRgOzDorgBi1v4D71/OFzgD9GO2UGKIv1C3Sp8DAn0+j5w7A==",
      "dev": true,
      "license": "MIT"
    },
    "node_modules/cliui/node_modules/string-width": {
      "version": "7.2.0",
      "resolved": "https://registry.npmjs.org/string-width/-/string-width-7.2.0.tgz",
      "integrity": "sha512-tsaTIkKW9b4N+AEj+SVA+WhJzV7/zMhcSu78mLKWSk7cXMOSHsBKFWUs0fWwq8QyK3MgJBQRX6Gbi4kYbdvGkQ==",
      "dev": true,
      "license": "MIT",
      "dependencies": {
        "emoji-regex": "^10.3.0",
        "get-east-asian-width": "^1.0.0",
        "strip-ansi": "^7.1.0"
      },
      "engines": {
        "node": ">=18"
      },
      "funding": {
        "url": "https://github.com/sponsors/sindresorhus"
      }
    },
    "node_modules/commander": {
      "version": "14.0.0",
      "resolved": "https://registry.npmjs.org/commander/-/commander-14.0.0.tgz",
      "integrity": "sha512-2uM9rYjPvyq39NwLRqaiLtWHyDC1FvryJDa2ATTVims5YAS4PupsEQsDvP14FqhFr0P49CYDugi59xaxJlTXRA==",
      "license": "MIT",
      "engines": {
        "node": ">=20"
      }
    },
    "node_modules/cross-spawn": {
      "version": "7.0.6",
      "resolved": "https://registry.npmjs.org/cross-spawn/-/cross-spawn-7.0.6.tgz",
      "integrity": "sha512-uV2QOWP2nWzsy2aMp8aRibhi9dlzF5Hgh5SHaB9OiTGEyDTiJJyx0uy51QXdyWbtAHNua4XJzUKca3OzKUd3vA==",
      "license": "MIT",
      "dependencies": {
        "path-key": "^3.1.0",
        "shebang-command": "^2.0.0",
        "which": "^2.0.1"
      },
      "engines": {
        "node": ">= 8"
      }
    },
    "node_modules/debug": {
      "version": "4.4.1",
      "resolved": "https://registry.npmjs.org/debug/-/debug-4.4.1.tgz",
      "integrity": "sha512-KcKCqiftBJcZr++7ykoDIEwSa3XWowTfNPo92BYxjXiyYEVrUQh2aLyhxBCwww+heortUFxEJYcRzosstTEBYQ==",
      "license": "MIT",
      "dependencies": {
        "ms": "^2.1.3"
      },
      "engines": {
        "node": ">=6.0"
      },
      "peerDependenciesMeta": {
        "supports-color": {
          "optional": true
        }
      }
    },
    "node_modules/default-shell": {
      "version": "2.2.0",
      "resolved": "https://registry.npmjs.org/default-shell/-/default-shell-2.2.0.tgz",
      "integrity": "sha512-sPpMZcVhRQ0nEMDtuMJ+RtCxt7iHPAMBU+I4tAlo5dU1sjRpNax0crj6nR3qKpvVnckaQ9U38enXcwW9nZJeCw==",
      "license": "MIT",
      "engines": {
        "node": "^12.20.0 || ^14.13.1 || >=16.0.0"
      },
      "funding": {
        "url": "https://github.com/sponsors/sindresorhus"
      }
    },
    "node_modules/electron": {
      "version": "42.4.0",
      "resolved": "https://registry.npmjs.org/electron/-/electron-42.4.0.tgz",
      "integrity": "sha512-OXXqh9LD9KxXPv2Fe25EfU9N9AvWTuV6V81sfhQaNvTAXCd9ONA+Q4OWvMe+CmYD6xIwjFxGGtG/ZphDYYC5OQ==",
      "dev": true,
      "license": "MIT",
      "dependencies": {
        "@electron-internal/extract-zip": "^1.0.1",
        "@electron/get": "^5.0.0",
        "@types/node": "^24.9.0"
      },
      "bin": {
        "electron": "cli.js",
        "install-electron": "install.js"
      },
      "engines": {
        "node": ">= 22.12.0"
      }
    },
    "node_modules/electron-is-accelerator": {
      "version": "0.1.2",
      "resolved": "https://registry.npmjs.org/electron-is-accelerator/-/electron-is-accelerator-0.1.2.tgz",
      "integrity": "sha1-UJ5RDCala1Xhf4Y6SwThEYRqsns="
    },
    "node_modules/electron-localshortcut": {
      "version": "3.2.1",
      "resolved": "https://registry.npmjs.org/electron-localshortcut/-/electron-localshortcut-3.2.1.tgz",
      "integrity": "sha512-DWvhKv36GsdXKnaFFhEiK8kZZA+24/yFLgtTwJJHc7AFgDjNRIBJZ/jq62Y/dWv9E4ypYwrVWN2bVrCYw1uv7Q==",
      "dependencies": {
        "debug": "^4.0.1",
        "electron-is-accelerator": "^0.1.0",
        "keyboardevent-from-electron-accelerator": "^2.0.0",
        "keyboardevents-areequal": "^0.2.1"
      }
    },
    "node_modules/electron-window-state": {
      "version": "5.0.3",
      "resolved": "https://registry.npmjs.org/electron-window-state/-/electron-window-state-5.0.3.tgz",
      "integrity": "sha512-1mNTwCfkolXl3kMf50yW3vE2lZj0y92P/HYWFBrb+v2S/pCka5mdwN3cagKm458A7NjndSwijynXgcLWRodsVg==",
      "dependencies": {
        "jsonfile": "^4.0.0",
        "mkdirp": "^0.5.1"
      },
      "engines": {
        "node": ">=8.0.0"
      }
    },
    "node_modules/env-paths": {
      "version": "2.2.1",
      "resolved": "https://registry.npmjs.org/env-paths/-/env-paths-2.2.1.tgz",
      "integrity": "sha512-+h1lkLKhZMTYjog1VEpJNG7NZJWcuc2DDk/qsqSTRRCOXiLjeQ1d1/udrUGhqMxUgAlwKNZ0cf2uqan5GLuS2A==",
      "dev": true,
      "license": "MIT",
      "engines": {
        "node": ">=6"
      }
    },
    "node_modules/escalade": {
      "version": "3.2.0",
      "resolved": "https://registry.npmjs.org/escalade/-/escalade-3.2.0.tgz",
      "integrity": "sha512-WUj2qlxaQtO4g6Pq5c29GTcWGDyd8itL8zTlipgECz3JesAiiOKotd8JU6otB3PACgG6xkJUyVhboMS+bje/jA==",
      "dev": true,
      "license": "MIT",
      "engines": {
        "node": ">=6"
      }
    },
    "node_modules/execa": {
      "version": "5.1.1",
      "resolved": "https://registry.npmjs.org/execa/-/execa-5.1.1.tgz",
      "integrity": "sha512-8uSpZZocAZRBAPIEINJj3Lo9HyGitllczc27Eh5YYojjMFMn8yHMDMaUHE2Jqfq05D/wucwI4JGURyXt1vchyg==",
      "license": "MIT",
      "dependencies": {
        "cross-spawn": "^7.0.3",
        "get-stream": "^6.0.0",
        "human-signals": "^2.1.0",
        "is-stream": "^2.0.0",
        "merge-stream": "^2.0.0",
        "npm-run-path": "^4.0.1",
        "onetime": "^5.1.2",
        "signal-exit": "^3.0.3",
        "strip-final-newline": "^2.0.0"
      },
      "engines": {
        "node": ">=10"
      },
      "funding": {
        "url": "https://github.com/sindresorhus/execa?sponsor=1"
      }
    },
    "node_modules/exponential-backoff": {
      "version": "3.1.3",
      "resolved": "https://registry.npmjs.org/exponential-backoff/-/exponential-backoff-3.1.3.tgz",
      "integrity": "sha512-ZgEeZXj30q+I0EN+CbSSpIyPaJ5HVQD18Z1m+u1FXbAeT94mr1zw50q4q6jiiC447Nl/YTcIYSAftiGqetwXCA==",
      "dev": true,
      "license": "Apache-2.0"
    },
    "node_modules/fdir": {
      "version": "6.5.0",
      "resolved": "https://registry.npmjs.org/fdir/-/fdir-6.5.0.tgz",
      "integrity": "sha512-tIbYtZbucOs0BRGqPJkshJUYdL+SDH7dVM8gjy+ERp3WAUjLEFJE+02kanyHtwjWOnwrKYBiwAmM0p4kLJAnXg==",
      "dev": true,
      "license": "MIT",
      "engines": {
        "node": ">=12.0.0"
      },
      "peerDependencies": {
        "picomatch": "^3 || ^4"
      },
      "peerDependenciesMeta": {
        "picomatch": {
          "optional": true
        }
      }
    },
    "node_modules/fix-path": {
      "version": "5.0.0",
      "resolved": "https://registry.npmjs.org/fix-path/-/fix-path-5.0.0.tgz",
      "integrity": "sha512-erEWGGCN7RIu1bXTCfNVpVBdm0f5mwcbeja+4QXiEZzIQukP401sbpu8gd3Ny1vS34YNeswyMO0TdT2tP5OlHA==",
      "license": "MIT",
      "dependencies": {
        "shell-path": "^3.1.0",
        "strip-ansi": "^7.1.2"
      },
      "engines": {
        "node": ">=20"
      },
      "funding": {
        "url": "https://github.com/sponsors/sindresorhus"
      }
    },
    "node_modules/get-caller-file": {
      "version": "2.0.5",
      "resolved": "https://registry.npmjs.org/get-caller-file/-/get-caller-file-2.0.5.tgz",
      "integrity": "sha512-DyFP3BM/3YHTQOCUL/w0OZHR0lpKeGrxotcHWcqNEdnltqFwXVfhEBQ94eIo34AfQpo0rGki4cyIiftY06h2Fg==",
      "dev": true,
      "engines": {
        "node": "6.* || 8.* || >= 10.*"
      }
    },
    "node_modules/get-east-asian-width": {
      "version": "1.4.0",
      "resolved": "https://registry.npmjs.org/get-east-asian-width/-/get-east-asian-width-1.4.0.tgz",
      "integrity": "sha512-QZjmEOC+IT1uk6Rx0sX22V6uHWVwbdbxf1faPqJ1QhLdGgsRGCZoyaQBm/piRdJy/D2um6hM1UP7ZEeQ4EkP+Q==",
      "dev": true,
      "license": "MIT",
      "engines": {
        "node": ">=18"
      },
      "funding": {
        "url": "https://github.com/sponsors/sindresorhus"
      }
    },
    "node_modules/get-stream": {
      "version": "6.0.1",
      "resolved": "https://registry.npmjs.org/get-stream/-/get-stream-6.0.1.tgz",
      "integrity": "sha512-ts6Wi+2j3jQjqi70w5AlN8DFnkSwC+MqmxEzdEALB2qXZYV3X/b1CTfgPLGJNMeAWxdPfU8FO1ms3NUfaHCPYg==",
      "license": "MIT",
      "engines": {
        "node": ">=10"
      },
      "funding": {
        "url": "https://github.com/sponsors/sindresorhus"
      }
    },
    "node_modules/graceful-fs": {
      "version": "4.2.11",
      "resolved": "https://registry.npmjs.org/graceful-fs/-/graceful-fs-4.2.11.tgz",
      "integrity": "sha512-RbJ5/jmFcNNCcDV5o9eTnBLJ/HszWV0P73bc+Ff4nS/rJj+YaS6IGyiOL0VoBYX+l1Wrl3k63h/KrH+nhJ0XvQ==",
      "license": "ISC"
    },
    "node_modules/human-signals": {
      "version": "2.1.0",
      "resolved": "https://registry.npmjs.org/human-signals/-/human-signals-2.1.0.tgz",
      "integrity": "sha512-B4FFZ6q/T2jhhksgkbEW3HBvWIfDW85snkQgawt07S7J5QXTk6BkNV+0yAeZrM5QpMAdYlocGoljn0sJ/WQkFw==",
      "license": "Apache-2.0",
      "engines": {
        "node": ">=10.17.0"
      }
    },
    "node_modules/is-stream": {
      "version": "2.0.1",
      "resolved": "https://registry.npmjs.org/is-stream/-/is-stream-2.0.1.tgz",
      "integrity": "sha512-hFoiJiTl63nn+kstHGBtewWSKnQLpyb155KHheA1l39uvtO9nWIop1p3udqPcUd/xbF1VLMO4n7OI6p7RbngDg==",
      "license": "MIT",
      "engines": {
        "node": ">=8"
      },
      "funding": {
        "url": "https://github.com/sponsors/sindresorhus"
      }
    },
    "node_modules/isexe": {
      "version": "2.0.0",
      "resolved": "https://registry.npmjs.org/isexe/-/isexe-2.0.0.tgz",
      "integrity": "sha1-6PvzdNxVb/iUehDcsFctYz8s+hA="
    },
    "node_modules/jquery": {
      "version": "4.0.0",
      "resolved": "https://registry.npmjs.org/jquery/-/jquery-4.0.0.tgz",
      "integrity": "sha512-TXCHVR3Lb6TZdtw1l3RTLf8RBWVGexdxL6AC8/e0xZKEpBflBsjh9/8LXw+dkNFuOyW9B7iB3O1sP7hS0Kiacg==",
      "license": "MIT"
    },
    "node_modules/jsonfile": {
      "version": "4.0.0",
      "resolved": "https://registry.npmjs.org/jsonfile/-/jsonfile-4.0.0.tgz",
      "integrity": "sha1-h3Gq4HmbZAdrdmQPygWPnBDjPss=",
      "dependencies": {
        "graceful-fs": "^4.1.6"
      }
    },
    "node_modules/keyboardevent-from-electron-accelerator": {
      "version": "2.0.0",
      "resolved": "https://registry.npmjs.org/keyboardevent-from-electron-accelerator/-/keyboardevent-from-electron-accelerator-2.0.0.tgz",
      "integrity": "sha512-iQcmNA0M4ETMNi0kG/q0h/43wZk7rMeKYrXP7sqKIJbHkTU8Koowgzv+ieR/vWJbOwxx5nDC3UnudZ0aLSu4VA=="
    },
    "node_modules/keyboardevents-areequal": {
      "version": "0.2.2",
      "resolved": "https://registry.npmjs.org/keyboardevents-areequal/-/keyboardevents-areequal-0.2.2.tgz",
      "integrity": "sha512-Nv+Kr33T0mEjxR500q+I6IWisOQ0lK1GGOncV0kWE6n4KFmpcu7RUX5/2B0EUtX51Cb0HjZ9VJsSY3u4cBa0kw=="
    },
    "node_modules/material-icons": {
      "version": "1.13.14",
      "resolved": "https://registry.npmjs.org/material-icons/-/material-icons-1.13.14.tgz",
      "integrity": "sha512-kZOfc7xCC0rAT8Q3DQixYAeT+tBqZnxkseQtp2bxBxz7q5pMAC+wmit7vJn1g/l7wRU+HEPq23gER4iPjGs5Cg==",
      "license": "Apache-2.0"
    },
    "node_modules/merge-stream": {
      "version": "2.0.0",
      "resolved": "https://registry.npmjs.org/merge-stream/-/merge-stream-2.0.0.tgz",
      "integrity": "sha512-abv/qOcuPfk3URPfDzmZU1LKmuw8kT+0nIHvKrKgFrwifol/doWcdA4ZqsWQ8ENrFKkd67Mfpo/LovbIUsbt3w==",
      "license": "MIT"
    },
    "node_modules/mimic-fn": {
      "version": "2.1.0",
      "resolved": "https://registry.npmjs.org/mimic-fn/-/mimic-fn-2.1.0.tgz",
      "integrity": "sha512-OqbOk5oEQeAZ8WXWydlu9HJjz9WVdEIvamMCcXmuqUYjTknH/sqsWvhQ3vgwKFRR1HpjvNBKQ37nbJgYzGqGcg==",
      "engines": {
        "node": ">=6"
      }
    },
    "node_modules/minimist": {
      "version": "1.2.6",
      "resolved": "https://registry.npmjs.org/minimist/-/minimist-1.2.6.tgz",
      "integrity": "sha512-Jsjnk4bw3YJqYzbdyBiNsPWHPfO++UGG749Cxs6peCu5Xg4nrena6OVxOYxrQTqww0Jmwt+Ref8rggumkTLz9Q=="
    },
    "node_modules/minipass": {
      "version": "7.1.3",
      "resolved": "https://registry.npmjs.org/minipass/-/minipass-7.1.3.tgz",
      "integrity": "sha512-tEBHqDnIoM/1rXME1zgka9g6Q2lcoCkxHLuc7ODJ5BxbP5d4c2Z5cGgtXAku59200Cx7diuHTOYfSBD8n6mm8A==",
      "dev": true,
      "license": "BlueOak-1.0.0",
      "engines": {
        "node": ">=16 || 14 >=14.17"
      }
    },
    "node_modules/minizlib": {
      "version": "3.1.0",
      "resolved": "https://registry.npmjs.org/minizlib/-/minizlib-3.1.0.tgz",
      "integrity": "sha512-KZxYo1BUkWD2TVFLr0MQoM8vUUigWD3LlD83a/75BqC+4qE0Hb1Vo5v1FgcfaNXvfXzr+5EhQ6ing/CaBijTlw==",
      "dev": true,
      "license": "MIT",
      "dependencies": {
        "minipass": "^7.1.2"
      },
      "engines": {
        "node": ">= 18"
      }
    },
    "node_modules/mkdirp": {
      "version": "0.5.5",
      "resolved": "https://registry.npmjs.org/mkdirp/-/mkdirp-0.5.5.tgz",
      "integrity": "sha512-NKmAlESf6jMGym1++R0Ra7wvhV+wFW63FaSOFPwRahvea0gMUcGUhVeAg/0BC0wiv9ih5NYPB1Wn1UEI1/L+xQ==",
      "dependencies": {
        "minimist": "^1.2.5"
      },
      "bin": {
        "mkdirp": "bin/cmd.js"
      }
    },
    "node_modules/ms": {
      "version": "2.1.3",
      "resolved": "https://registry.npmjs.org/ms/-/ms-2.1.3.tgz",
      "integrity": "sha512-6FlzubTLZG3J2a/NVCAleEhjzq5oxgHyaCU9yYXvcLsvoVaHJq/s5xXI6/XXP6tz7R9xAOtHnSO/tXtF3WRTlA==",
      "license": "MIT"
    },
    "node_modules/node-abi": {
      "version": "4.31.0",
      "resolved": "https://registry.npmjs.org/node-abi/-/node-abi-4.31.0.tgz",
      "integrity": "sha512-Erq5w/t3syw3s4sDsUaX4QttIdBPsGKTT1DTRsCkTonGggczhlDKm/wDX3o+HPJpQ41EjXCbcmXf0tgr5YZJXw==",
      "dev": true,
      "license": "MIT",
      "dependencies": {
        "semver": "^7.6.3"
      },
      "engines": {
        "node": ">=22.12.0"
      }
    },
    "node_modules/node-api-version": {
      "version": "0.2.1",
      "resolved": "https://registry.npmjs.org/node-api-version/-/node-api-version-0.2.1.tgz",
      "integrity": "sha512-2xP/IGGMmmSQpI1+O/k72jF/ykvZ89JeuKX3TLJAYPDVLUalrshrLHkeVcCCZqG/eEa635cr8IBYzgnDvM2O8Q==",
      "dev": true,
      "license": "MIT",
      "dependencies": {
        "semver": "^7.3.5"
      }
    },
    "node_modules/node-forge": {
      "version": "1.4.0",
      "resolved": "https://registry.npmjs.org/node-forge/-/node-forge-1.4.0.tgz",
      "integrity": "sha512-LarFH0+6VfriEhqMMcLX2F7SwSXeWwnEAJEsYm5QKWchiVYVvJyV9v7UDvUv+w5HO23ZpQTXDv/GxdDdMyOuoQ==",
      "license": "(BSD-3-Clause OR GPL-2.0)",
      "engines": {
        "node": ">= 6.13.0"
      }
    },
    "node_modules/node-gyp": {
      "version": "12.4.0",
      "resolved": "https://registry.npmjs.org/node-gyp/-/node-gyp-12.4.0.tgz",
      "integrity": "sha512-OMcPNvqTCFUnNaBlmdgq+lfNqY7gTiSmNRDjY3uAXRyudeKZEZxu3CLtjMQrx4zZxCX2b/mpNqTtwuCJgXhHkw==",
      "dev": true,
      "license": "MIT",
      "dependencies": {
        "env-paths": "^2.2.0",
        "exponential-backoff": "^3.1.1",
        "graceful-fs": "^4.2.6",
        "nopt": "^9.0.0",
        "proc-log": "^6.0.0",
        "semver": "^7.3.5",
        "tar": "^7.5.4",
        "tinyglobby": "^0.2.12",
        "undici": "^6.25.0",
        "which": "^6.0.0"
      },
      "bin": {
        "node-gyp": "bin/node-gyp.js"
      },
      "engines": {
        "node": "^20.17.0 || >=22.9.0"
      }
    },
    "node_modules/node-gyp/node_modules/isexe": {
      "version": "4.0.0",
      "resolved": "https://registry.npmjs.org/isexe/-/isexe-4.0.0.tgz",
      "integrity": "sha512-FFUtZMpoZ8RqHS3XeXEmHWLA4thH+ZxCv2lOiPIn1Xc7CxrqhWzNSDzD+/chS/zbYezmiwWLdQC09JdQKmthOw==",
      "dev": true,
      "license": "BlueOak-1.0.0",
      "engines": {
        "node": ">=20"
      }
    },
    "node_modules/node-gyp/node_modules/undici": {
      "version": "6.27.0",
      "resolved": "https://registry.npmjs.org/undici/-/undici-6.27.0.tgz",
      "integrity": "sha512-YmfV3YnEDzXRC5lZ2jWtWWHKGUm1zIt8AhesR1tens+HTNv+YZlN/dp6G727LOvMJ8xjP9Be7Y2Sdr96LDm+pg==",
      "dev": true,
      "license": "MIT",
      "engines": {
        "node": ">=18.17"
      }
    },
    "node_modules/node-gyp/node_modules/which": {
      "version": "6.0.1",
      "resolved": "https://registry.npmjs.org/which/-/which-6.0.1.tgz",
      "integrity": "sha512-oGLe46MIrCRqX7ytPUf66EAYvdeMIZYn3WaocqqKZAxrBpkqHfL/qvTyJ/bTk5+AqHCjXmrv3CEWgy368zhRUg==",
      "dev": true,
      "license": "ISC",
      "dependencies": {
        "isexe": "^4.0.0"
      },
      "bin": {
        "node-which": "bin/which.js"
      },
      "engines": {
        "node": "^20.17.0 || >=22.9.0"
      }
    },
    "node_modules/nopt": {
      "version": "9.0.0",
      "resolved": "https://registry.npmjs.org/nopt/-/nopt-9.0.0.tgz",
      "integrity": "sha512-Zhq3a+yFKrYwSBluL4H9XP3m3y5uvQkB/09CwDruCiRmR/UJYnn9W4R48ry0uGC70aeTPKLynBtscP9efFFcPw==",
      "dev": true,
      "license": "ISC",
      "dependencies": {
        "abbrev": "^4.0.0"
      },
      "bin": {
        "nopt": "bin/nopt.js"
      },
      "engines": {
        "node": "^20.17.0 || >=22.9.0"
      }
    },
    "node_modules/npm-run-path": {
      "version": "4.0.1",
      "resolved": "https://registry.npmjs.org/npm-run-path/-/npm-run-path-4.0.1.tgz",
      "integrity": "sha512-S48WzZW777zhNIrn7gxOlISNAqi9ZC/uQFnRdbeIHhZhCA6UqpkOT8T1G7BvfdgP4Er8gF4sUbaS0i7QvIfCWw==",
      "license": "MIT",
      "dependencies": {
        "path-key": "^3.0.0"
      },
      "engines": {
        "node": ">=8"
      }
    },
    "node_modules/onetime": {
      "version": "5.1.2",
      "resolved": "https://registry.npmjs.org/onetime/-/onetime-5.1.2.tgz",
      "integrity": "sha512-kbpaSSGJTWdAY5KPVeMOKXSrPtr8C8C7wodJbcsd51jRnmD+GZu8Y0VoU6Dm5Z4vWr0Ig/1NKuWRKf7j5aaYSg==",
      "dependencies": {
        "mimic-fn": "^2.1.0"
      },
      "engines": {
        "node": ">=6"
      }
    },
    "node_modules/path-key": {
      "version": "3.1.1",
      "resolved": "https://registry.npmjs.org/path-key/-/path-key-3.1.1.tgz",
      "integrity": "sha512-ojmeN0qd+y0jszEtoY48r0Peq5dwMEkIlCOu6Q5f41lfkswXuKtYrhgoTpLnyIcHm24Uhqx+5Tqm2InSwLhE6Q==",
      "engines": {
        "node": ">=8"
      }
    },
    "node_modules/picomatch": {
      "version": "4.0.4",
      "resolved": "https://registry.npmjs.org/picomatch/-/picomatch-4.0.4.tgz",
      "integrity": "sha512-QP88BAKvMam/3NxH6vj2o21R6MjxZUAd6nlwAS/pnGvN9IVLocLHxGYIzFhg6fUQ+5th6P4dv4eW9jX3DSIj7A==",
      "dev": true,
      "license": "MIT",
      "engines": {
        "node": ">=12"
      },
      "funding": {
        "url": "https://github.com/sponsors/jonschlinkert"
      }
    },
    "node_modules/proc-log": {
      "version": "6.1.0",
      "resolved": "https://registry.npmjs.org/proc-log/-/proc-log-6.1.0.tgz",
      "integrity": "sha512-iG+GYldRf2BQ0UDUAd6JQ/RwzaQy6mXmsk/IzlYyal4A4SNFw54MeH4/tLkF4I5WoWG9SQwuqWzS99jaFQHBuQ==",
      "dev": true,
      "license": "ISC",
      "engines": {
        "node": "^20.17.0 || >=22.9.0"
      }
    },
    "node_modules/progress": {
      "version": "2.0.3",
      "resolved": "https://registry.npmjs.org/progress/-/progress-2.0.3.tgz",
      "integrity": "sha512-7PiHtLll5LdnKIMw100I+8xJXR5gW2QwWYkT6iJva0bXitZKa/XMrSbdmg3r2Xnaidz9Qumd0VPaMrZlF9V9sA==",
      "dev": true,
      "license": "MIT",
      "engines": {
        "node": ">=0.4.0"
      }
    },
    "node_modules/read-binary-file-arch": {
      "version": "1.0.6",
      "resolved": "https://registry.npmjs.org/read-binary-file-arch/-/read-binary-file-arch-1.0.6.tgz",
      "integrity": "sha512-BNg9EN3DD3GsDXX7Aa8O4p92sryjkmzYYgmgTAc6CA4uGLEDzFfxOxugu21akOxpcXHiEgsYkC6nPsQvLLLmEg==",
      "dev": true,
      "dependencies": {
        "debug": "^4.3.4"
      },
      "bin": {
        "read-binary-file-arch": "cli.js"
      }
    },
    "node_modules/semver": {
      "version": "7.8.4",
      "resolved": "https://registry.npmjs.org/semver/-/semver-7.8.4.tgz",
      "integrity": "sha512-rUCObTnP32Q08R2uuIrt7r9PlEonuTmtuXYcW6s5kjdlj3xbnwe+21yXptAUYcMAABLkYYTtnmzb3w3EDZfueA==",
      "dev": true,
      "license": "ISC",
      "bin": {
        "semver": "bin/semver.js"
      },
      "engines": {
        "node": ">=10"
      }
    },
    "node_modules/shebang-command": {
      "version": "2.0.0",
      "resolved": "https://registry.npmjs.org/shebang-command/-/shebang-command-2.0.0.tgz",
      "integrity": "sha512-kHxr2zZpYtdmrN1qDjrrX/Z1rR1kG8Dx+gkpK1G4eXmvXswmcE1hTWBWYUzlraYw1/yZp6YuDY77YtvbN0dmDA==",
      "dependencies": {
        "shebang-regex": "^3.0.0"
      },
      "engines": {
        "node": ">=8"
      }
    },
    "node_modules/shebang-regex": {
      "version": "3.0.0",
      "resolved": "https://registry.npmjs.org/shebang-regex/-/shebang-regex-3.0.0.tgz",
      "integrity": "sha512-7++dFhtcx3353uBaq8DDR4NuxBetBzC7ZQOhmTQInHEd6bSrXdiEyzCvG07Z44UYdLShWUyXt5M/yhz8ekcb1A==",
      "engines": {
        "node": ">=8"
      }
    },
    "node_modules/shell-env": {
      "version": "4.0.1",
      "resolved": "https://registry.npmjs.org/shell-env/-/shell-env-4.0.1.tgz",
      "integrity": "sha512-w3oeZ9qg/P6Lu6qqwavvMnB/bwfsz67gPB3WXmLd/n6zuh7TWQZtGa3iMEdmua0kj8rivkwl+vUjgLWlqZOMPw==",
      "license": "MIT",
      "dependencies": {
        "default-shell": "^2.0.0",
        "execa": "^5.1.1",
        "strip-ansi": "^7.0.1"
      },
      "engines": {
        "node": "^12.20.0 || ^14.13.1 || >=16.0.0"
      },
      "funding": {
        "url": "https://github.com/sponsors/sindresorhus"
      }
    },
    "node_modules/shell-path": {
      "version": "3.1.0",
      "resolved": "https://registry.npmjs.org/shell-path/-/shell-path-3.1.0.tgz",
      "integrity": "sha512-s/9q9PEtcRmDTz69+cJ3yYBAe9yGrL7e46gm2bU4pQ9N48ecPK9QrGFnLwYgb4smOHskx4PL7wCNMktW2AoD+g==",
      "license": "MIT",
      "dependencies": {
        "shell-env": "^4.0.1"
      },
      "engines": {
        "node": "^12.20.0 || ^14.13.1 || >=16.0.0"
      },
      "funding": {
        "url": "https://github.com/sponsors/sindresorhus"
      }
    },
    "node_modules/signal-exit": {
      "version": "3.0.7",
      "resolved": "https://registry.npmjs.org/signal-exit/-/signal-exit-3.0.7.tgz",
      "integrity": "sha512-wnD2ZE+l+SPC/uoS0vXeE9L1+0wuaMqKlfz9AMUo38JsyLSBWSFcHR1Rri62LZc12vLr1gb3jl7iwQhgwpAbGQ=="
    },
    "node_modules/split": {
      "version": "1.0.1",
      "resolved": "https://registry.npmjs.org/split/-/split-1.0.1.tgz",
      "integrity": "sha512-mTyOoPbrivtXnwnIxZRFYRrPNtEFKlpB2fvjSnCQUiAA6qAZzqwna5envK4uk6OIeP17CsdF3rSBGYVBsU0Tkg==",
      "dependencies": {
        "through": "2"
      },
      "engines": {
        "node": "*"
      }
    },
    "node_modules/strip-ansi": {
      "version": "7.1.2",
      "resolved": "https://registry.npmjs.org/strip-ansi/-/strip-ansi-7.1.2.tgz",
      "integrity": "sha512-gmBGslpoQJtgnMAvOVqGZpEz9dyoKTCzy2nfz/n8aIFhN/jCE/rCmcxabB6jOOHV+0WNnylOxaxBQPSvcWklhA==",
      "license": "MIT",
      "dependencies": {
        "ansi-regex": "^6.0.1"
      },
      "engines": {
        "node": ">=12"
      },
      "funding": {
        "url": "https://github.com/chalk/strip-ansi?sponsor=1"
      }
    },
    "node_modules/strip-final-newline": {
      "version": "2.0.0",
      "resolved": "https://registry.npmjs.org/strip-final-newline/-/strip-final-newline-2.0.0.tgz",
      "integrity": "sha512-BrpvfNAE3dcvq7ll3xVumzjKjZQ5tI1sEUIKr3Uoks0XUl45St3FlatVqef9prk4jRDzhW6WZg+3bk93y6pLjA==",
      "license": "MIT",
      "engines": {
        "node": ">=6"
      }
    },
    "node_modules/sumchecker": {
      "version": "3.0.1",
      "resolved": "https://registry.npmjs.org/sumchecker/-/sumchecker-3.0.1.tgz",
      "integrity": "sha512-MvjXzkz/BOfyVDkG0oFOtBxHX2u3gKbMHIF/dXblZsgD3BWOFLmHovIpZY7BykJdAjcqRCBi1WYBNdEC9yI7vg==",
      "dev": true,
      "license": "Apache-2.0",
      "dependencies": {
        "debug": "^4.1.0"
      },
      "engines": {
        "node": ">= 8.0"
      }
    },
    "node_modules/tar": {
      "version": "7.5.16",
      "resolved": "https://registry.npmjs.org/tar/-/tar-7.5.16.tgz",
      "integrity": "sha512-56adEpPMouktRlBLXiaYFFzZ/3+JXa8P9n7WbR+ibIjtviN55mEaOkiysCnPnWm+7kkui1Dn8J9l+g6zV8731w==",
      "dev": true,
      "license": "BlueOak-1.0.0",
      "dependencies": {
        "@isaacs/fs-minipass": "^4.0.0",
        "chownr": "^3.0.0",
        "minipass": "^7.1.2",
        "minizlib": "^3.1.0",
        "yallist": "^5.0.0"
      },
      "engines": {
        "node": ">=18"
      }
    },
    "node_modules/through": {
      "version": "2.3.8",
      "resolved": "https://registry.npmjs.org/through/-/through-2.3.8.tgz",
      "integrity": "sha1-DdTJ/6q8NXlgsbckEV1+Doai4fU="
    },
    "node_modules/tinyglobby": {
      "version": "0.2.17",
      "resolved": "https://registry.npmjs.org/tinyglobby/-/tinyglobby-0.2.17.tgz",
      "integrity": "sha512-wXR/dYpcqKmfWpEdZjiKJOwCNFndD0DMnrW/cYjVGttEkBfVgcLFHoNrlj47mjOVic9yyNu65alsgF4NQyTa2g==",
      "dev": true,
      "license": "MIT",
      "dependencies": {
        "fdir": "^6.5.0",
        "picomatch": "^4.0.4"
      },
      "engines": {
        "node": ">=12.0.0"
      },
      "funding": {
        "url": "https://github.com/sponsors/SuperchupuDev"
      }
    },
    "node_modules/undici": {
      "version": "7.28.0",
      "resolved": "https://registry.npmjs.org/undici/-/undici-7.28.0.tgz",
      "integrity": "sha512-cRZYrTDwWznlnRiPjggAGxZXanty6M8RV1ff8Wm4LWXBp7/IG8v5DnOm74DtUBp9OONpK75YlPnIjQqX0dBDtA==",
      "dev": true,
      "license": "MIT",
      "optional": true,
      "engines": {
        "node": ">=20.18.1"
      }
    },
    "node_modules/undici-types": {
      "version": "7.16.0",
      "resolved": "https://registry.npmjs.org/undici-types/-/undici-types-7.16.0.tgz",
      "integrity": "sha512-Zz+aZWSj8LE6zoxD+xrjh4VfkIG8Ya6LvYkZqtUQGJPZjYl53ypCaUwWqo7eI0x66KBGeRo+mlBEkMSeSZ38Nw==",
      "dev": true,
      "license": "MIT"
    },
    "node_modules/which": {
      "version": "2.0.2",
      "resolved": "https://registry.npmjs.org/which/-/which-2.0.2.tgz",
      "integrity": "sha512-BLI3Tl1TW3Pvl70l3yq3Y64i+awpwXqsGBYWkkqMtnbXgrMD+yj7rhW0kuEDxzJaYXGjEW5ogapKNMEKNMjibA==",
      "dependencies": {
        "isexe": "^2.0.0"
      },
      "bin": {
        "node-which": "bin/node-which"
      },
      "engines": {
        "node": ">= 8"
      }
    },
    "node_modules/wrap-ansi": {
      "version": "9.0.2",
      "resolved": "https://registry.npmjs.org/wrap-ansi/-/wrap-ansi-9.0.2.tgz",
      "integrity": "sha512-42AtmgqjV+X1VpdOfyTGOYRi0/zsoLqtXQckTmqTeybT+BDIbM/Guxo7x3pE2vtpr1ok6xRqM9OpBe+Jyoqyww==",
      "dev": true,
      "license": "MIT",
      "dependencies": {
        "ansi-styles": "^6.2.1",
        "string-width": "^7.0.0",
        "strip-ansi": "^7.1.0"
      },
      "engines": {
        "node": ">=18"
      },
      "funding": {
        "url": "https://github.com/chalk/wrap-ansi?sponsor=1"
      }
    },
    "node_modules/wrap-ansi/node_modules/ansi-styles": {
      "version": "6.2.3",
      "resolved": "https://registry.npmjs.org/ansi-styles/-/ansi-styles-6.2.3.tgz",
      "integrity": "sha512-4Dj6M28JB+oAH8kFkTLUo+a2jwOFkuqb3yucU0CANcRRUbxS0cP0nZYCGjcc3BNXwRIsUVmDGgzawme7zvJHvg==",
      "dev": true,
      "license": "MIT",
      "engines": {
        "node": ">=12"
      },
      "funding": {
        "url": "https://github.com/chalk/ansi-styles?sponsor=1"
      }
    },
    "node_modules/wrap-ansi/node_modules/emoji-regex": {
      "version": "10.6.0",
      "resolved": "https://registry.npmjs.org/emoji-regex/-/emoji-regex-10.6.0.tgz",
      "integrity": "sha512-toUI84YS5YmxW219erniWD0CIVOo46xGKColeNQRgOzDorgBi1v4D71/OFzgD9GO2UGKIv1C3Sp8DAn0+j5w7A==",
      "dev": true,
      "license": "MIT"
    },
    "node_modules/wrap-ansi/node_modules/string-width": {
      "version": "7.2.0",
      "resolved": "https://registry.npmjs.org/string-width/-/string-width-7.2.0.tgz",
      "integrity": "sha512-tsaTIkKW9b4N+AEj+SVA+WhJzV7/zMhcSu78mLKWSk7cXMOSHsBKFWUs0fWwq8QyK3MgJBQRX6Gbi4kYbdvGkQ==",
      "dev": true,
      "license": "MIT",
      "dependencies": {
        "emoji-regex": "^10.3.0",
        "get-east-asian-width": "^1.0.0",
        "strip-ansi": "^7.1.0"
      },
      "engines": {
        "node": ">=18"
      },
      "funding": {
        "url": "https://github.com/sponsors/sindresorhus"
      }
    },
    "node_modules/y18n": {
      "version": "5.0.8",
      "resolved": "https://registry.npmjs.org/y18n/-/y18n-5.0.8.tgz",
      "integrity": "sha512-0pfFzegeDWJHJIAmTLRP2DwHjdF5s7jo9tuztdQxAhINCdvS+3nGINqPd00AphqJR/0LhANUS6/+7SCb98YOfA==",
      "dev": true,
      "engines": {
        "node": ">=10"
      }
    },
    "node_modules/yallist": {
      "version": "5.0.0",
      "resolved": "https://registry.npmjs.org/yallist/-/yallist-5.0.0.tgz",
      "integrity": "sha512-YgvUTfwqyc7UXVMrB+SImsVYSmTS8X/tSrtdNZMImM+n7+QTriRXyXim0mBrTXNeqzVF0KWGgHPeiyViFFrNDw==",
      "dev": true,
      "license": "BlueOak-1.0.0",
      "engines": {
        "node": ">=18"
      }
    },
    "node_modules/yargs": {
      "version": "18.0.0",
      "resolved": "https://registry.npmjs.org/yargs/-/yargs-18.0.0.tgz",
      "integrity": "sha512-4UEqdc2RYGHZc7Doyqkrqiln3p9X2DZVxaGbwhn2pi7MrRagKaOcIKe8L3OxYcbhXLgLFUS3zAYuQjKBQgmuNg==",
      "dev": true,
      "license": "MIT",
      "dependencies": {
        "cliui": "^9.0.1",
        "escalade": "^3.1.1",
        "get-caller-file": "^2.0.5",
        "string-width": "^7.2.0",
        "y18n": "^5.0.5",
        "yargs-parser": "^22.0.0"
      },
      "engines": {
        "node": "^20.19.0 || ^22.12.0 || >=23"
      }
    },
    "node_modules/yargs-parser": {
      "version": "22.0.0",
      "resolved": "https://registry.npmjs.org/yargs-parser/-/yargs-parser-22.0.0.tgz",
      "integrity": "sha512-rwu/ClNdSMpkSrUb+d6BRsSkLUq1fmfsY6TOpYzTwvwkg1/NRG85KBy3kq++A8LKQwX6lsu+aWad+2khvuXrqw==",
      "dev": true,
      "license": "ISC",
      "engines": {
        "node": "^20.19.0 || ^22.12.0 || >=23"
      }
    },
    "node_modules/yargs/node_modules/emoji-regex": {
      "version": "10.6.0",
      "resolved": "https://registry.npmjs.org/emoji-regex/-/emoji-regex-10.6.0.tgz",
      "integrity": "sha512-toUI84YS5YmxW219erniWD0CIVOo46xGKColeNQRgOzDorgBi1v4D71/OFzgD9GO2UGKIv1C3Sp8DAn0+j5w7A==",
      "dev": true,
      "license": "MIT"
    },
    "node_modules/yargs/node_modules/string-width": {
      "version": "7.2.0",
      "resolved": "https://registry.npmjs.org/string-width/-/string-width-7.2.0.tgz",
      "integrity": "sha512-tsaTIkKW9b4N+AEj+SVA+WhJzV7/zMhcSu78mLKWSk7cXMOSHsBKFWUs0fWwq8QyK3MgJBQRX6Gbi4kYbdvGkQ==",
      "dev": true,
      "license": "MIT",
      "dependencies": {
        "emoji-regex": "^10.3.0",
        "get-east-asian-width": "^1.0.0",
        "strip-ansi": "^7.1.0"
      },
      "engines": {
        "node": ">=18"
      },
      "funding": {
        "url": "https://github.com/sponsors/sindresorhus"
      }
    }
  }
}
